{
  "name": "entrega-1",
  "version": "1.0.0",
  "lockfileVersion": 1,
  "requires": true,
  "dependencies": {
    "loan-calc": {
      "version": "0.2.1",
      "resolved": "https://registry.npmjs.org/loan-calc/-/loan-calc-0.2.1.tgz",
      "integrity": "sha1-2hNga9v/s9aETiyfBdw2qpYb1Lo="
    }
  }
}
